// !$*UTF8*$!
{
	archiveVersion = 1;
	classes = {
	};
	objectVersion = 54;
	objects = {

/* Begin PBXBuildFile section */
		A61DC02F2A5A078500EA75A5 /* IDS.framework in Frameworks */ = {isa = PBXBuildFile; fileRef = A61DC0272A59FFF200EA75A5 /* IDS.framework */; };
		A62991D02972104E00B7E663 /* AppKit.framework in Frameworks */ = {isa = PBXBuildFile; fileRef = A62991CF2972104E00B7E663 /* AppKit.framework */; };
		A62991D12972106200B7E663 /* BlueBubblesHelper.m in Sources */ = {isa = PBXBuildFile; fileRef = 93AC09CB2565E45F0000C60C /* BlueBubblesHelper.m */; };
		A62991D22972106500B7E663 /* NetworkController.m in Sources */ = {isa = PBXBuildFile; fileRef = 93FD99392568E7360060D430 /* NetworkController.m */; };
		A62991D52972107400B7E663 /* ZKSwizzle.m in Sources */ = {isa = PBXBuildFile; fileRef = FBCE4ECB201C0F4D002F8A61 /* ZKSwizzle.m */; };
		A62991D7297210A500B7E663 /* Foundation.framework in Frameworks */ = {isa = PBXBuildFile; fileRef = A62991D6297210A500B7E663 /* Foundation.framework */; };
		A62991D8297210D900B7E663 /* IMCore.framework in Frameworks */ = {isa = PBXBuildFile; fileRef = 93AC09C52565E4150000C60C /* IMCore.framework */; };
		A62991D9297210EB00B7E663 /* IMSharedUtilities.framework in Frameworks */ = {isa = PBXBuildFile; fileRef = A68E87E128C3B18900882823 /* IMSharedUtilities.framework */; };
		A62991DA297210F700B7E663 /* IMDPersistence.framework in Frameworks */ = {isa = PBXBuildFile; fileRef = A69A83DF27D18385007BB936 /* IMDPersistence.framework */; };
		A6490A0E2984697C002B0E1D /* PrefixHeader.pch in Resources */ = {isa = PBXBuildFile; fileRef = FBCE4ECD201C0F4D002F8A61 /* PrefixHeader.pch */; };
		A6490A1D298DC81C002B0E1D /* VettedAliasDictionary.m in Sources */ = {isa = PBXBuildFile; fileRef = A6490A1B298DC81C002B0E1D /* VettedAliasDictionary.m */; };
		A6490A1F298DCC35002B0E1D /* VettedAliasDictionary.h in Headers */ = {isa = PBXBuildFile; fileRef = A6490A1E298DCC35002B0E1D /* VettedAliasDictionary.h */; };
		A65C21A72A9AAB1500D6FB7F /* BlueBubblesHelper.dylib in CopyFiles */ = {isa = PBXBuildFile; fileRef = A62991CB29720FAC00B7E663 /* BlueBubblesHelper.dylib */; settings = {ATTRIBUTES = (CodeSignOnCopy, ); }; };
		A69960EA2B1F9A700081FB69 /* FMF.framework in Frameworks */ = {isa = PBXBuildFile; fileRef = A69960E92B1F9A6F0081FB69 /* FMF.framework */; };
		A69960F52B20D89C0081FB69 /* CTBlockDescription.m in Sources */ = {isa = PBXBuildFile; fileRef = A69960F42B20D8860081FB69 /* CTBlockDescription.m */; };
		D0DF3A132D23493E00270902 /* GCDAsyncUdpSocket.h in Headers */ = {isa = PBXBuildFile; fileRef = D0DF3A112D23493E00270902 /* GCDAsyncUdpSocket.h */; };
		D0DF3A142D23493E00270902 /* GCDAsyncSocket.h in Headers */ = {isa = PBXBuildFile; fileRef = D0DF3A0F2D23493E00270902 /* GCDAsyncSocket.h */; };
		D0DF3A152D23493E00270902 /* GCDAsyncUdpSocket.m in Sources */ = {isa = PBXBuildFile; fileRef = D0DF3A122D23493E00270902 /* GCDAsyncUdpSocket.m */; };
		D0DF3A162D23493E00270902 /* GCDAsyncSocket.m in Sources */ = {isa = PBXBuildFile; fileRef = D0DF3A102D23493E00270902 /* GCDAsyncSocket.m */; };
/* End PBXBuildFile section */

/* Begin PBXCopyFilesBuildPhase section */
		A65C21A62A9AAAE600D6FB7F /* CopyFiles */ = {
			isa = PBXCopyFilesBuildPhase;
			buildActionMask = 12;
			dstPath = "/Users/justin/Documents/bluebubbles-server/packages/server/appResources/private-api/macos11";
			dstSubfolderSpec = 0;
			files = (
				A65C21A72A9AAB1500D6FB7F /* BlueBubblesHelper.dylib in CopyFiles */,
			);
			runOnlyForDeploymentPostprocessing = 0;
		};
/* End PBXCopyFilesBuildPhase section */

/* Begin PBXFileReference section */
		71554C06257B2E4600296B93 /* IMChatHistoryController.h */ = {isa = PBXFileReference; fileEncoding = 4; lastKnownFileType = sourcecode.c.h; path = IMChatHistoryController.h; sourceTree = "<group>"; };
		71554C0F257B58F100296B93 /* IMTranscriptChatItem.h */ = {isa = PBXFileReference; fileEncoding = 4; lastKnownFileType = sourcecode.c.h; path = IMTranscriptChatItem.h; sourceTree = "<group>"; };
		71554C17257B609B00296B93 /* IMTextMessagePartChatItem.h */ = {isa = PBXFileReference; fileEncoding = 4; lastKnownFileType = sourcecode.c.h; path = IMTextMessagePartChatItem.h; sourceTree = "<group>"; };
		71554C19257B616400296B93 /* IMMessagePartChatItem.h */ = {isa = PBXFileReference; fileEncoding = 4; lastKnownFileType = sourcecode.c.h; path = IMMessagePartChatItem.h; sourceTree = "<group>"; };
		71554C1B257B618400296B93 /* IMMessageChatItem.h */ = {isa = PBXFileReference; fileEncoding = 4; lastKnownFileType = sourcecode.c.h; path = IMMessageChatItem.h; sourceTree = "<group>"; };
		9316AE94257600E8002AE8EE /* IMMessageItem-IMChat_Internal.h */ = {isa = PBXFileReference; lastKnownFileType = sourcecode.c.h; path = "IMMessageItem-IMChat_Internal.h"; sourceTree = "<group>"; };
		9316AE962576029C002AE8EE /* IMChatRegistry.h */ = {isa = PBXFileReference; lastKnownFileType = sourcecode.c.h; path = IMChatRegistry.h; sourceTree = "<group>"; };
		9316AE98257606EC002AE8EE /* IMChat.h */ = {isa = PBXFileReference; lastKnownFileType = sourcecode.c.h; path = IMChat.h; sourceTree = "<group>"; };
		9316AE9A257614E2002AE8EE /* IMTypingChatItem.h */ = {isa = PBXFileReference; lastKnownFileType = sourcecode.c.h; path = IMTypingChatItem.h; sourceTree = "<group>"; };
		93AC09C52565E4150000C60C /* IMCore.framework */ = {isa = PBXFileReference; lastKnownFileType = wrapper.framework; name = IMCore.framework; path = /System/Library/PrivateFrameworks/IMCore.framework; sourceTree = "<group>"; };
		93AC09CB2565E45F0000C60C /* BlueBubblesHelper.m */ = {isa = PBXFileReference; lastKnownFileType = sourcecode.c.objc; path = BlueBubblesHelper.m; sourceTree = "<group>"; };
		93B28EA5257399450056DAD4 /* Logging.h */ = {isa = PBXFileReference; lastKnownFileType = sourcecode.c.h; path = Logging.h; sourceTree = "<group>"; };
		93DFDC5D2568DFD4009551D2 /* IMMessage.h */ = {isa = PBXFileReference; lastKnownFileType = sourcecode.c.h; path = IMMessage.h; sourceTree = "<group>"; };
		93FD99392568E7360060D430 /* NetworkController.m */ = {isa = PBXFileReference; lastKnownFileType = sourcecode.c.objc; path = NetworkController.m; sourceTree = "<group>"; };
		93FD993D2568E7500060D430 /* NetworkController.h */ = {isa = PBXFileReference; lastKnownFileType = sourcecode.c.h; path = NetworkController.h; sourceTree = "<group>"; };
		A61DC0262A59FF8C00EA75A5 /* IDSIDQueryController.h */ = {isa = PBXFileReference; lastKnownFileType = sourcecode.c.h; path = IDSIDQueryController.h; sourceTree = "<group>"; };
		A61DC0272A59FFF200EA75A5 /* IDS.framework */ = {isa = PBXFileReference; lastKnownFileType = wrapper.framework; name = IDS.framework; path = /System/Library/PrivateFrameworks/IDS.framework; sourceTree = "<group>"; };
		A61DC02B2A5A037400EA75A5 /* IDSDestination-Additions.h */ = {isa = PBXFileReference; lastKnownFileType = sourcecode.c.h; path = "IDSDestination-Additions.h"; sourceTree = "<group>"; };
		A61DC02C2A5A03C800EA75A5 /* IDS.h */ = {isa = PBXFileReference; lastKnownFileType = sourcecode.c.h; path = IDS.h; sourceTree = "<group>"; };
		A61DC02D2A5A045B00EA75A5 /* IDSInternalQueueController.h */ = {isa = PBXFileReference; lastKnownFileType = sourcecode.c.h; path = IDSInternalQueueController.h; sourceTree = "<group>"; };
		A61DC02E2A5A049700EA75A5 /* _IDSIDQueryController.h */ = {isa = PBXFileReference; lastKnownFileType = sourcecode.c.h; path = _IDSIDQueryController.h; sourceTree = "<group>"; };
		A62991CB29720FAC00B7E663 /* BlueBubblesHelper.dylib */ = {isa = PBXFileReference; explicitFileType = "compiled.mach-o.dylib"; includeInIndex = 0; path = BlueBubblesHelper.dylib; sourceTree = BUILT_PRODUCTS_DIR; };
		A62991CF2972104E00B7E663 /* AppKit.framework */ = {isa = PBXFileReference; lastKnownFileType = wrapper.framework; name = AppKit.framework; path = System/Library/Frameworks/AppKit.framework; sourceTree = SDKROOT; };
		A62991D6297210A500B7E663 /* Foundation.framework */ = {isa = PBXFileReference; lastKnownFileType = wrapper.framework; name = Foundation.framework; path = System/Library/Frameworks/Foundation.framework; sourceTree = SDKROOT; };
		A6490A18298AC986002B0E1D /* SocialAppsCore.framework */ = {isa = PBXFileReference; lastKnownFileType = wrapper.framework; name = SocialAppsCore.framework; path = /System/Library/PrivateFrameworks/SocialAppsCore.framework; sourceTree = "<group>"; };
		A6490A1B298DC81C002B0E1D /* VettedAliasDictionary.m */ = {isa = PBXFileReference; lastKnownFileType = sourcecode.c.objc; path = VettedAliasDictionary.m; sourceTree = "<group>"; };
		A6490A1E298DCC35002B0E1D /* VettedAliasDictionary.h */ = {isa = PBXFileReference; lastKnownFileType = sourcecode.c.h; path = VettedAliasDictionary.h; sourceTree = "<group>"; };
		A64B888C2712316900BAD446 /* IMItemsController.h */ = {isa = PBXFileReference; lastKnownFileType = sourcecode.c.h; path = IMItemsController.h; sourceTree = "<group>"; };
		A64B888E271231DA00BAD446 /* IMItem.h */ = {isa = PBXFileReference; lastKnownFileType = sourcecode.c.h; path = IMItem.h; sourceTree = "<group>"; };
		A64B888F2712320500BAD446 /* IMRemoteObjectCoding.h */ = {isa = PBXFileReference; lastKnownFileType = sourcecode.c.h; path = IMRemoteObjectCoding.h; sourceTree = "<group>"; };
		A64B8891271232E200BAD446 /* IMChatItem.h */ = {isa = PBXFileReference; lastKnownFileType = sourcecode.c.h; path = IMChatItem.h; sourceTree = "<group>"; };
		A64B8892271232E200BAD446 /* IMSendProgressDelegate-Protocol.h */ = {isa = PBXFileReference; lastKnownFileType = sourcecode.c.h; path = "IMSendProgressDelegate-Protocol.h"; sourceTree = "<group>"; };
		A64B8893271232E300BAD446 /* IMInlineReplyController.h */ = {isa = PBXFileReference; lastKnownFileType = sourcecode.c.h; path = IMInlineReplyController.h; sourceTree = "<group>"; };
		A64B8894271232E300BAD446 /* INSpeakable-Protocol.h */ = {isa = PBXFileReference; lastKnownFileType = sourcecode.c.h; path = "INSpeakable-Protocol.h"; sourceTree = "<group>"; };
		A64B88952712331E00BAD446 /* NSObject-Protocol.h */ = {isa = PBXFileReference; lastKnownFileType = sourcecode.c.h; path = "NSObject-Protocol.h"; sourceTree = "<group>"; };
		A64B88972712334600BAD446 /* IMGUIDItem.h */ = {isa = PBXFileReference; lastKnownFileType = sourcecode.c.h; path = IMGUIDItem.h; sourceTree = "<group>"; };
		A64B88992712337000BAD446 /* IMChatTranscriptItem-Protocol.h */ = {isa = PBXFileReference; lastKnownFileType = sourcecode.c.h; path = "IMChatTranscriptItem-Protocol.h"; sourceTree = "<group>"; };
		A64B889B271233A000BAD446 /* IMMessageChatItem-Protocol.h */ = {isa = PBXFileReference; lastKnownFileType = sourcecode.c.h; path = "IMMessageChatItem-Protocol.h"; sourceTree = "<group>"; };
		A64B889D271233E700BAD446 /* IMVisibleAssociatedMessageHost-Protocol.h */ = {isa = PBXFileReference; lastKnownFileType = sourcecode.c.h; path = "IMVisibleAssociatedMessageHost-Protocol.h"; sourceTree = "<group>"; };
		A64B889F2712340800BAD446 /* IMDirectlyObservableObject.h */ = {isa = PBXFileReference; lastKnownFileType = sourcecode.c.h; path = IMDirectlyObservableObject.h; sourceTree = "<group>"; };
		A64B88A12712347700BAD446 /* IMSystemMonitorListener-Protocol.h */ = {isa = PBXFileReference; lastKnownFileType = sourcecode.c.h; path = "IMSystemMonitorListener-Protocol.h"; sourceTree = "<group>"; };
		A64B88A32712349F00BAD446 /* Presentity.h */ = {isa = PBXFileReference; lastKnownFileType = sourcecode.c.h; path = Presentity.h; sourceTree = "<group>"; };
		A64B88A5271234E200BAD446 /* IMMessageItem.h */ = {isa = PBXFileReference; lastKnownFileType = sourcecode.c.h; path = IMMessageItem.h; sourceTree = "<group>"; };
		A64B88A72712352000BAD446 /* TUConversationManagerDelegate-Protocol.h */ = {isa = PBXFileReference; lastKnownFileType = sourcecode.c.h; path = "TUConversationManagerDelegate-Protocol.h"; sourceTree = "<group>"; };
		A64B88B62714A2A200BAD446 /* IMHandleRegistrar.h */ = {isa = PBXFileReference; lastKnownFileType = sourcecode.c.h; path = IMHandleRegistrar.h; sourceTree = "<group>"; };
		A64B88B82715011200BAD446 /* IMCore.h */ = {isa = PBXFileReference; lastKnownFileType = sourcecode.c.h; path = IMCore.h; sourceTree = "<group>"; };
		A65C21AD2AA67C9500D6FB7F /* IMDDController.h */ = {isa = PBXFileReference; lastKnownFileType = sourcecode.c.h; path = IMDDController.h; sourceTree = "<group>"; };
		A65C21AE2AA6800500D6FB7F /* IMNicknameController.h */ = {isa = PBXFileReference; lastKnownFileType = sourcecode.c.h; path = IMNicknameController.h; sourceTree = "<group>"; };
		A65C21B12AA6CB7400D6FB7F /* IMNicknameAvatarImage.h */ = {isa = PBXFileReference; lastKnownFileType = sourcecode.c.h; path = IMNicknameAvatarImage.h; sourceTree = "<group>"; };
		A65C21B22AA6CB7400D6FB7F /* IMNickname.h */ = {isa = PBXFileReference; lastKnownFileType = sourcecode.c.h; path = IMNickname.h; sourceTree = "<group>"; };
		A65C21B32AA96B0300D6FB7F /* IMFMFSession.h */ = {isa = PBXFileReference; lastKnownFileType = sourcecode.c.h; path = IMFMFSession.h; sourceTree = "<group>"; };
		A65C21B42AA96B3C00D6FB7F /* FMFSessionDelegate-Protocol.h */ = {isa = PBXFileReference; lastKnownFileType = sourcecode.c.h; path = "FMFSessionDelegate-Protocol.h"; sourceTree = "<group>"; };
		A65C21B52AA96B7A00D6FB7F /* FMFSession.h */ = {isa = PBXFileReference; lastKnownFileType = sourcecode.c.h; path = FMFSession.h; sourceTree = "<group>"; };
		A65C21B62AA96BAF00D6FB7F /* FMFXPCInternalClientProtocol-Protocol.h */ = {isa = PBXFileReference; lastKnownFileType = sourcecode.c.h; path = "FMFXPCInternalClientProtocol-Protocol.h"; sourceTree = "<group>"; };
		A65C21B72AAA7F5500D6FB7F /* FMFLocation.h */ = {isa = PBXFileReference; lastKnownFileType = sourcecode.c.h; path = FMFLocation.h; sourceTree = "<group>"; };
		A65C21B82AAA7FCF00D6FB7F /* FMFHandle.h */ = {isa = PBXFileReference; lastKnownFileType = sourcecode.c.h; path = FMFHandle.h; sourceTree = "<group>"; };
		A68C7FF729B025C7001002B6 /* IMTranscriptPluginChatItem.h */ = {isa = PBXFileReference; lastKnownFileType = sourcecode.c.h; path = IMTranscriptPluginChatItem.h; sourceTree = "<group>"; };
		A68C7FFD29B0344A001002B6 /* ETiOSMacBalloonPluginDataSource.h */ = {isa = PBXFileReference; lastKnownFileType = sourcecode.c.h; path = ETiOSMacBalloonPluginDataSource.h; sourceTree = "<group>"; };
		A68C7FFE29B03EC5001002B6 /* HWiOSMacBalloonDataSource.h */ = {isa = PBXFileReference; lastKnownFileType = sourcecode.c.h; path = HWiOSMacBalloonDataSource.h; sourceTree = "<group>"; };
		A68C7FFF29B05DCE001002B6 /* IMPluginChatItemProtocol.h */ = {isa = PBXFileReference; lastKnownFileType = sourcecode.c.h; path = IMPluginChatItemProtocol.h; sourceTree = "<group>"; };
		A68C800029B0F19C001002B6 /* IMHandleAvailabilityManager.h */ = {isa = PBXFileReference; lastKnownFileType = sourcecode.c.h; path = IMHandleAvailabilityManager.h; sourceTree = "<group>"; };
		A68E87DF28C3B01F00882823 /* IMFileTransfer.h */ = {isa = PBXFileReference; lastKnownFileType = sourcecode.c.h; path = IMFileTransfer.h; sourceTree = "<group>"; };
		A68E87E028C3B04500882823 /* IMFileTransferCenter.h */ = {isa = PBXFileReference; lastKnownFileType = sourcecode.c.h; path = IMFileTransferCenter.h; sourceTree = "<group>"; };
		A68E87E128C3B18900882823 /* IMSharedUtilities.framework */ = {isa = PBXFileReference; lastKnownFileType = wrapper.framework; name = IMSharedUtilities.framework; path = /System/Library/PrivateFrameworks/IMSharedUtilities.framework; sourceTree = "<group>"; };
		A69960E92B1F9A6F0081FB69 /* FMF.framework */ = {isa = PBXFileReference; lastKnownFileType = wrapper.framework; name = FMF.framework; path = ../../../../../../System/Library/PrivateFrameworks/FMF.framework; sourceTree = "<group>"; };
		A69960ED2B2004540081FB69 /* FindMyLocateObjCWrapper.framework */ = {isa = PBXFileReference; lastKnownFileType = wrapper.framework; name = FindMyLocateObjCWrapper.framework; path = ../../../../Downloads/FindMyLocateObjCWrapper.framework; sourceTree = "<group>"; };
		A69960F12B2005100081FB69 /* FMLSession.h */ = {isa = PBXFileReference; lastKnownFileType = sourcecode.c.h; path = FMLSession.h; sourceTree = "<group>"; };
		A69960F22B20D7B40081FB69 /* CTBlockDescription.h */ = {isa = PBXFileReference; lastKnownFileType = sourcecode.c.h; path = CTBlockDescription.h; sourceTree = "<group>"; };
		A69960F42B20D8860081FB69 /* CTBlockDescription.m */ = {isa = PBXFileReference; lastKnownFileType = sourcecode.c.objc; path = CTBlockDescription.m; sourceTree = "<group>"; };
		A69960F62B20E46B0081FB69 /* FMLLocation.h */ = {isa = PBXFileReference; lastKnownFileType = sourcecode.c.h; path = FMLLocation.h; sourceTree = "<group>"; };
		A69960F72B20E4AD0081FB69 /* FMLHandle.h */ = {isa = PBXFileReference; lastKnownFileType = sourcecode.c.h; path = FMLHandle.h; sourceTree = "<group>"; };
		A69A83DE27D18092007BB936 /* IMDPersistentAttachmentController.h */ = {isa = PBXFileReference; lastKnownFileType = sourcecode.c.h; path = IMDPersistentAttachmentController.h; sourceTree = "<group>"; };
		A69A83DF27D18385007BB936 /* IMDPersistence.framework */ = {isa = PBXFileReference; lastKnownFileType = wrapper.framework; name = IMDPersistence.framework; path = /System/Library/PrivateFrameworks/IMDPersistence.framework; sourceTree = "<group>"; };
		A6DAE8E729CCD09F00C23C79 /* SKStatusSubscriptionServiceDelegate-Protocol.h */ = {isa = PBXFileReference; fileEncoding = 4; lastKnownFileType = sourcecode.c.h; path = "SKStatusSubscriptionServiceDelegate-Protocol.h"; sourceTree = "<group>"; };
		A6E13E352B65C8F9002983AD /* FMFSessionDataManager.h */ = {isa = PBXFileReference; lastKnownFileType = sourcecode.c.h; path = FMFSessionDataManager.h; sourceTree = "<group>"; };
		A6E1F4CF27166012000A0EF6 /* IMPinnedConversationsController.h */ = {isa = PBXFileReference; lastKnownFileType = sourcecode.c.h; path = IMPinnedConversationsController.h; sourceTree = "<group>"; };
		A6E7318229A3D37000AAED78 /* IMAggregateAttachmentMessagePartChatItem.h */ = {isa = PBXFileReference; lastKnownFileType = sourcecode.c.h; path = IMAggregateAttachmentMessagePartChatItem.h; sourceTree = "<group>"; };
		A6E7318329A3D49600AAED78 /* IMAttachmentMessagePartChatItem.h */ = {isa = PBXFileReference; lastKnownFileType = sourcecode.c.h; path = IMAttachmentMessagePartChatItem.h; sourceTree = "<group>"; };
		D0DF3A0F2D23493E00270902 /* GCDAsyncSocket.h */ = {isa = PBXFileReference; lastKnownFileType = sourcecode.c.h; path = GCDAsyncSocket.h; sourceTree = "<group>"; };
		D0DF3A102D23493E00270902 /* GCDAsyncSocket.m */ = {isa = PBXFileReference; lastKnownFileType = sourcecode.c.objc; path = GCDAsyncSocket.m; sourceTree = "<group>"; };
		D0DF3A112D23493E00270902 /* GCDAsyncUdpSocket.h */ = {isa = PBXFileReference; lastKnownFileType = sourcecode.c.h; path = GCDAsyncUdpSocket.h; sourceTree = "<group>"; };
		D0DF3A122D23493E00270902 /* GCDAsyncUdpSocket.m */ = {isa = PBXFileReference; lastKnownFileType = sourcecode.c.objc; path = GCDAsyncUdpSocket.m; sourceTree = "<group>"; };
		FBCE4EBE201C0F4D002F8A61 /* AppKit.framework */ = {isa = PBXFileReference; lastKnownFileType = wrapper.framework; name = AppKit.framework; path = /System/Library/Frameworks/AppKit.framework; sourceTree = "<absolute>"; };
		FBCE4EC0201C0F4D002F8A61 /* Foundation.framework */ = {isa = PBXFileReference; lastKnownFileType = wrapper.framework; name = Foundation.framework; path = /System/Library/Frameworks/Foundation.framework; sourceTree = "<absolute>"; };
		FBCE4EC4201C0F4D002F8A61 /* Info.plist */ = {isa = PBXFileReference; lastKnownFileType = text.plist.xml; path = Info.plist; sourceTree = "<group>"; };
		FBCE4ECA201C0F4D002F8A61 /* ZKSwizzle.h */ = {isa = PBXFileReference; lastKnownFileType = sourcecode.c.h; name = ZKSwizzle.h; path = ZKSwizzle/ZKSwizzle.h; sourceTree = "<group>"; };
		FBCE4ECB201C0F4D002F8A61 /* ZKSwizzle.m */ = {isa = PBXFileReference; lastKnownFileType = sourcecode.c.objc; name = ZKSwizzle.m; path = ZKSwizzle/ZKSwizzle.m; sourceTree = "<group>"; };
		FBCE4ECD201C0F4D002F8A61 /* PrefixHeader.pch */ = {isa = PBXFileReference; lastKnownFileType = sourcecode.c.h; path = PrefixHeader.pch; sourceTree = "<group>"; };
		FBCE4ED6201C0FDE002F8A61 /* IMService.h */ = {isa = PBXFileReference; fileEncoding = 4; lastKnownFileType = sourcecode.c.h; path = IMService.h; sourceTree = "<group>"; };
		FBCE4ED7201C0FDE002F8A61 /* IMAccountController.h */ = {isa = PBXFileReference; fileEncoding = 4; lastKnownFileType = sourcecode.c.h; path = IMAccountController.h; sourceTree = "<group>"; };
		FBCE4ED8201C0FDE002F8A61 /* IMPerson.h */ = {isa = PBXFileReference; fileEncoding = 4; lastKnownFileType = sourcecode.c.h; path = IMPerson.h; sourceTree = "<group>"; };
		FBCE4ED9201C0FDE002F8A61 /* IMHandle.h */ = {isa = PBXFileReference; fileEncoding = 4; lastKnownFileType = sourcecode.c.h; path = IMHandle.h; sourceTree = "<group>"; };
		FBCE4EDA201C0FDE002F8A61 /* IMAccount.h */ = {isa = PBXFileReference; fileEncoding = 4; lastKnownFileType = sourcecode.c.h; path = IMAccount.h; sourceTree = "<group>"; };
/* End PBXFileReference section */

/* Begin PBXFrameworksBuildPhase section */
		A62991C929720FAC00B7E663 /* Frameworks */ = {
			isa = PBXFrameworksBuildPhase;
			buildActionMask = 2147483647;
			files = (
				A62991DA297210F700B7E663 /* IMDPersistence.framework in Frameworks */,
				A61DC02F2A5A078500EA75A5 /* IDS.framework in Frameworks */,
				A69960EA2B1F9A700081FB69 /* FMF.framework in Frameworks */,
				A62991D9297210EB00B7E663 /* IMSharedUtilities.framework in Frameworks */,
				A62991D8297210D900B7E663 /* IMCore.framework in Frameworks */,
				A62991D7297210A500B7E663 /* Foundation.framework in Frameworks */,
				A62991D02972104E00B7E663 /* AppKit.framework in Frameworks */,
			);
			runOnlyForDeploymentPostprocessing = 0;
		};
/* End PBXFrameworksBuildPhase section */

/* Begin PBXGroup section */
		93FD99382568E7230060D430 /* Networking */ = {
			isa = PBXGroup;
			children = (
				93FD99392568E7360060D430 /* NetworkController.m */,
				93FD993D2568E7500060D430 /* NetworkController.h */,
			);
			name = Networking;
			sourceTree = "<group>";
		};
		D0DF3A0E2D23493300270902 /* CocoaAsyncSocket */ = {
			isa = PBXGroup;
			children = (
				D0DF3A0F2D23493E00270902 /* GCDAsyncSocket.h */,
				D0DF3A102D23493E00270902 /* GCDAsyncSocket.m */,
				D0DF3A112D23493E00270902 /* GCDAsyncUdpSocket.h */,
				D0DF3A122D23493E00270902 /* GCDAsyncUdpSocket.m */,
			);
			path = CocoaAsyncSocket;
			sourceTree = "<group>";
		};
		FBCE4EB2201C0F4D002F8A61 = {
			isa = PBXGroup;
			children = (
				FBCE4EC2201C0F4D002F8A61 /* BlueBubblesHelper */,
				FBCE4EBD201C0F4D002F8A61 /* Frameworks */,
				FBCE4EBC201C0F4D002F8A61 /* Products */,
			);
			sourceTree = "<group>";
		};
		FBCE4EBC201C0F4D002F8A61 /* Products */ = {
			isa = PBXGroup;
			children = (
				A62991CB29720FAC00B7E663 /* BlueBubblesHelper.dylib */,
			);
			name = Products;
			sourceTree = "<group>";
		};
		FBCE4EBD201C0F4D002F8A61 /* Frameworks */ = {
			isa = PBXGroup;
			children = (
				A69960ED2B2004540081FB69 /* FindMyLocateObjCWrapper.framework */,
				A69960E92B1F9A6F0081FB69 /* FMF.framework */,
				A61DC0272A59FFF200EA75A5 /* IDS.framework */,
				A6490A18298AC986002B0E1D /* SocialAppsCore.framework */,
				A62991D6297210A500B7E663 /* Foundation.framework */,
				A62991CF2972104E00B7E663 /* AppKit.framework */,
				A68E87E128C3B18900882823 /* IMSharedUtilities.framework */,
				A69A83DF27D18385007BB936 /* IMDPersistence.framework */,
				93AC09C52565E4150000C60C /* IMCore.framework */,
				FBCE4EBE201C0F4D002F8A61 /* AppKit.framework */,
				FBCE4EC0201C0F4D002F8A61 /* Foundation.framework */,
			);
			name = Frameworks;
			sourceTree = "<group>";
		};
		FBCE4EC2201C0F4D002F8A61 /* BlueBubblesHelper */ = {
			isa = PBXGroup;
			children = (
				D0DF3A0E2D23493300270902 /* CocoaAsyncSocket */,
				93FD99382568E7230060D430 /* Networking */,
				FBCE4EDB201C264F002F8A61 /* IMCore */,
				FBCE4EC9201C0F4D002F8A61 /* ZKSwizzle */,
				FBCE4EC3201C0F4D002F8A61 /* Supporting Files */,
				93AC09CB2565E45F0000C60C /* BlueBubblesHelper.m */,
			);
			path = BlueBubblesHelper;
			sourceTree = "<group>";
		};
		FBCE4EC3201C0F4D002F8A61 /* Supporting Files */ = {
			isa = PBXGroup;
			children = (
				FBCE4EC4201C0F4D002F8A61 /* Info.plist */,
				FBCE4ECD201C0F4D002F8A61 /* PrefixHeader.pch */,
				93B28EA5257399450056DAD4 /* Logging.h */,
				A6490A1B298DC81C002B0E1D /* VettedAliasDictionary.m */,
				A6490A1E298DCC35002B0E1D /* VettedAliasDictionary.h */,
			);
			name = "Supporting Files";
			sourceTree = "<group>";
		};
		FBCE4EC9201C0F4D002F8A61 /* ZKSwizzle */ = {
			isa = PBXGroup;
			children = (
				FBCE4ECA201C0F4D002F8A61 /* ZKSwizzle.h */,
				FBCE4ECB201C0F4D002F8A61 /* ZKSwizzle.m */,
				A69960F22B20D7B40081FB69 /* CTBlockDescription.h */,
				A69960F42B20D8860081FB69 /* CTBlockDescription.m */,
			);
			name = ZKSwizzle;
			sourceTree = "<group>";
		};
		FBCE4EDB201C264F002F8A61 /* IMCore */ = {
			isa = PBXGroup;
			children = (
				A65C21AD2AA67C9500D6FB7F /* IMDDController.h */,
				A65C21B22AA6CB7400D6FB7F /* IMNickname.h */,
				A65C21B12AA6CB7400D6FB7F /* IMNicknameAvatarImage.h */,
				A6DAE8E729CCD09F00C23C79 /* SKStatusSubscriptionServiceDelegate-Protocol.h */,
				A64B8891271232E200BAD446 /* IMChatItem.h */,
				A64B8893271232E300BAD446 /* IMInlineReplyController.h */,
				A64B8892271232E200BAD446 /* IMSendProgressDelegate-Protocol.h */,
				A64B8894271232E300BAD446 /* INSpeakable-Protocol.h */,
				FBCE4EDA201C0FDE002F8A61 /* IMAccount.h */,
				A64B88992712337000BAD446 /* IMChatTranscriptItem-Protocol.h */,
				FBCE4ED7201C0FDE002F8A61 /* IMAccountController.h */,
				9316AE98257606EC002AE8EE /* IMChat.h */,
				71554C06257B2E4600296B93 /* IMChatHistoryController.h */,
				A64B889F2712340800BAD446 /* IMDirectlyObservableObject.h */,
				A64B88972712334600BAD446 /* IMGUIDItem.h */,
				9316AE962576029C002AE8EE /* IMChatRegistry.h */,
				FBCE4ED9201C0FDE002F8A61 /* IMHandle.h */,
				A64B888E271231DA00BAD446 /* IMItem.h */,
				A64B888C2712316900BAD446 /* IMItemsController.h */,
				93DFDC5D2568DFD4009551D2 /* IMMessage.h */,
				71554C1B257B618400296B93 /* IMMessageChatItem.h */,
				A64B88A5271234E200BAD446 /* IMMessageItem.h */,
				9316AE94257600E8002AE8EE /* IMMessageItem-IMChat_Internal.h */,
				A64B889B271233A000BAD446 /* IMMessageChatItem-Protocol.h */,
				71554C19257B616400296B93 /* IMMessagePartChatItem.h */,
				FBCE4ED8201C0FDE002F8A61 /* IMPerson.h */,
				A64B888F2712320500BAD446 /* IMRemoteObjectCoding.h */,
				FBCE4ED6201C0FDE002F8A61 /* IMService.h */,
				A64B88A12712347700BAD446 /* IMSystemMonitorListener-Protocol.h */,
				71554C17257B609B00296B93 /* IMTextMessagePartChatItem.h */,
				71554C0F257B58F100296B93 /* IMTranscriptChatItem.h */,
				9316AE9A257614E2002AE8EE /* IMTypingChatItem.h */,
				A64B889D271233E700BAD446 /* IMVisibleAssociatedMessageHost-Protocol.h */,
				A64B88952712331E00BAD446 /* NSObject-Protocol.h */,
				A64B88A72712352000BAD446 /* TUConversationManagerDelegate-Protocol.h */,
				A64B88A32712349F00BAD446 /* Presentity.h */,
				A64B88B62714A2A200BAD446 /* IMHandleRegistrar.h */,
				A64B88B82715011200BAD446 /* IMCore.h */,
				A6E1F4CF27166012000A0EF6 /* IMPinnedConversationsController.h */,
				A69A83DE27D18092007BB936 /* IMDPersistentAttachmentController.h */,
				A68E87DF28C3B01F00882823 /* IMFileTransfer.h */,
				A68E87E028C3B04500882823 /* IMFileTransferCenter.h */,
				A6E7318229A3D37000AAED78 /* IMAggregateAttachmentMessagePartChatItem.h */,
				A6E7318329A3D49600AAED78 /* IMAttachmentMessagePartChatItem.h */,
				A68C7FF729B025C7001002B6 /* IMTranscriptPluginChatItem.h */,
				A68C7FFF29B05DCE001002B6 /* IMPluginChatItemProtocol.h */,
				A68C7FFD29B0344A001002B6 /* ETiOSMacBalloonPluginDataSource.h */,
				A68C7FFE29B03EC5001002B6 /* HWiOSMacBalloonDataSource.h */,
				A68C800029B0F19C001002B6 /* IMHandleAvailabilityManager.h */,
				A61DC0262A59FF8C00EA75A5 /* IDSIDQueryController.h */,
				A61DC02B2A5A037400EA75A5 /* IDSDestination-Additions.h */,
				A61DC02C2A5A03C800EA75A5 /* IDS.h */,
				A61DC02D2A5A045B00EA75A5 /* IDSInternalQueueController.h */,
				A61DC02E2A5A049700EA75A5 /* _IDSIDQueryController.h */,
				A65C21AE2AA6800500D6FB7F /* IMNicknameController.h */,
				A65C21B32AA96B0300D6FB7F /* IMFMFSession.h */,
				A65C21B42AA96B3C00D6FB7F /* FMFSessionDelegate-Protocol.h */,
				A65C21B52AA96B7A00D6FB7F /* FMFSession.h */,
				A65C21B62AA96BAF00D6FB7F /* FMFXPCInternalClientProtocol-Protocol.h */,
				A65C21B72AAA7F5500D6FB7F /* FMFLocation.h */,
				A65C21B82AAA7FCF00D6FB7F /* FMFHandle.h */,
				A69960F12B2005100081FB69 /* FMLSession.h */,
				A69960F62B20E46B0081FB69 /* FMLLocation.h */,
				A69960F72B20E4AD0081FB69 /* FMLHandle.h */,
				A6E13E352B65C8F9002983AD /* FMFSessionDataManager.h */,
			);
			name = IMCore;
			sourceTree = "<group>";
		};
/* End PBXGroup section */

/* Begin PBXHeadersBuildPhase section */
		A62991C729720FAC00B7E663 /* Headers */ = {
			isa = PBXHeadersBuildPhase;
			buildActionMask = 2147483647;
			files = (
				D0DF3A132D23493E00270902 /* GCDAsyncUdpSocket.h in Headers */,
				D0DF3A142D23493E00270902 /* GCDAsyncSocket.h in Headers */,
				A6490A1F298DCC35002B0E1D /* VettedAliasDictionary.h in Headers */,
			);
			runOnlyForDeploymentPostprocessing = 0;
		};
/* End PBXHeadersBuildPhase section */

/* Begin PBXNativeTarget section */
		A62991CA29720FAC00B7E663 /* BlueBubblesHelper DyLib */ = {
			isa = PBXNativeTarget;
			buildConfigurationList = A62991CE29720FAC00B7E663 /* Build configuration list for PBXNativeTarget "BlueBubblesHelper DyLib" */;
			buildPhases = (
				A62991C729720FAC00B7E663 /* Headers */,
				A62991C829720FAC00B7E663 /* Sources */,
				A62991C929720FAC00B7E663 /* Frameworks */,
				A6490A0D29846973002B0E1D /* Resources */,
				A65C21A62A9AAAE600D6FB7F /* CopyFiles */,
				A6490A0F29846A3A002B0E1D /* Run Script */,
			);
			buildRules = (
			);
			dependencies = (
			);
			name = "BlueBubblesHelper DyLib";
			productName = "BlueBubblesHelper DyLib";
			productReference = A62991CB29720FAC00B7E663 /* BlueBubblesHelper.dylib */;
			productType = "com.apple.product-type.library.dynamic";
		};
/* End PBXNativeTarget section */

/* Begin PBXProject section */
		FBCE4EB3201C0F4D002F8A61 /* Project object */ = {
			isa = PBXProject;
			attributes = {
				BuildIndependentTargetsInParallel = YES;
				LastUpgradeCheck = 1520;
				ORGANIZATIONNAME = BlueBubbleMessaging;
				TargetAttributes = {
					A62991CA29720FAC00B7E663 = {
						CreatedOnToolsVersion = 14.1;
						LastSwiftMigration = 1410;
						ProvisioningStyle = Automatic;
					};
				};
			};
			buildConfigurationList = FBCE4EB6201C0F4D002F8A61 /* Build configuration list for PBXProject "BlueBubblesHelper" */;
			compatibilityVersion = "Xcode 8.0";
			developmentRegion = en;
			hasScannedForEncodings = 0;
			knownRegions = (
				en,
			);
			mainGroup = FBCE4EB2201C0F4D002F8A61;
			packageReferences = (
			);
			productRefGroup = FBCE4EBC201C0F4D002F8A61 /* Products */;
			projectDirPath = "";
			projectRoot = "";
			targets = (
				A62991CA29720FAC00B7E663 /* BlueBubblesHelper DyLib */,
			);
		};
/* End PBXProject section */

/* Begin PBXResourcesBuildPhase section */
		A6490A0D29846973002B0E1D /* Resources */ = {
			isa = PBXResourcesBuildPhase;
			buildActionMask = 2147483647;
			files = (
				A6490A0E2984697C002B0E1D /* PrefixHeader.pch in Resources */,
			);
			runOnlyForDeploymentPostprocessing = 0;
		};
/* End PBXResourcesBuildPhase section */

/* Begin PBXShellScriptBuildPhase section */
		A6490A0F29846A3A002B0E1D /* Run Script */ = {
			isa = PBXShellScriptBuildPhase;
			buildActionMask = 2147483647;
			files = (
			);
			inputFileListPaths = (
			);
			inputPaths = (
			);
			name = "Run Script";
			outputFileListPaths = (
			);
			outputPaths = (
			);
			runOnlyForDeploymentPostprocessing = 0;
			shellPath = /bin/sh;
			shellScript = "killall -q Messages; exit 0;\n";
		};
/* End PBXShellScriptBuildPhase section */

/* Begin PBXSourcesBuildPhase section */
		A62991C829720FAC00B7E663 /* Sources */ = {
			isa = PBXSourcesBuildPhase;
			buildActionMask = 2147483647;
			files = (
				D0DF3A152D23493E00270902 /* GCDAsyncUdpSocket.m in Sources */,
				D0DF3A162D23493E00270902 /* GCDAsyncSocket.m in Sources */,
				A69960F52B20D89C0081FB69 /* CTBlockDescription.m in Sources */,
				A62991D52972107400B7E663 /* ZKSwizzle.m in Sources */,
				A62991D22972106500B7E663 /* NetworkController.m in Sources */,
				A6490A1D298DC81C002B0E1D /* VettedAliasDictionary.m in Sources */,
				A62991D12972106200B7E663 /* BlueBubblesHelper.m in Sources */,
			);
			runOnlyForDeploymentPostprocessing = 0;
		};
/* End PBXSourcesBuildPhase section */

/* Begin XCBuildConfiguration section */
		A62991CC29720FAC00B7E663 /* Debug */ = {
			isa = XCBuildConfiguration;
			buildSettings = {
				ARCHS = (
					"$(ARCHS_STANDARD)",
					arm64e,
				);
				CLANG_CXX_LANGUAGE_STANDARD = "gnu++20";
				CLANG_ENABLE_MODULES = YES;
				CLANG_ENABLE_OBJC_WEAK = YES;
				CLANG_WARN_DEPRECATED_OBJC_IMPLEMENTATIONS = YES;
				CLANG_WARN_OBJC_IMPLICIT_RETAIN_SELF = YES;
				CLANG_WARN_QUOTED_INCLUDE_IN_FRAMEWORK_HEADER = "$(inherited)";
				CODE_SIGN_STYLE = Automatic;
				CURRENT_PROJECT_VERSION = 22;
				DEAD_CODE_STRIPPING = YES;
				DEFINES_MODULE = YES;
				DSTROOT = /;
				DYLIB_COMPATIBILITY_VERSION = 1;
				DYLIB_CURRENT_VERSION = 1;
				ENABLE_MODULE_VERIFIER = YES;
				EXECUTABLE_PREFIX = "";
				INFOPLIST_FILE = "$(SRCROOT)/BlueBubblesHelper/Info.plist";
				INSTALL_PATH = /Users/tanay/Desktop/test;
				LD_RUNPATH_SEARCH_PATHS = (
					"$(inherited)",
					"@executable_path/../Frameworks",
					"@loader_path/../Frameworks",
				);
				MACOSX_DEPLOYMENT_TARGET = 11.0;
				MARKETING_VERSION = 0.0.20;
				MODULE_VERIFIER_SUPPORTED_LANGUAGES = "objective-c objective-c++";
				MODULE_VERIFIER_SUPPORTED_LANGUAGE_STANDARDS = "gnu11 gnu++20";
				MTL_ENABLE_DEBUG_INFO = INCLUDE_SOURCE;
				MTL_FAST_MATH = YES;
				ONLY_ACTIVE_ARCH = YES;
				PRODUCT_BUNDLE_IDENTIFIER = com.bluebubbles.messaging;
				PRODUCT_NAME = BlueBubblesHelper;
				SDKROOT = macosx;
				SKIP_INSTALL = NO;
				SWIFT_OBJC_BRIDGING_HEADER = "BlueBubblesHelper DyLib-Bridging-Header.h";
				SWIFT_OPTIMIZATION_LEVEL = "-Onone";
				SWIFT_VERSION = 5.0;
				SYSTEM_FRAMEWORK_SEARCH_PATHS = (
					"$(inherited)",
					"$(SYSTEM_LIBRARY_DIR)/PrivateFrameworks",
				);
			};
			name = Debug;
		};
		A62991CD29720FAC00B7E663 /* Release */ = {
			isa = XCBuildConfiguration;
			buildSettings = {
				ARCHS = (
					"$(ARCHS_STANDARD)",
					arm64e,
				);
				CLANG_CXX_LANGUAGE_STANDARD = "gnu++20";
				CLANG_ENABLE_MODULES = YES;
				CLANG_ENABLE_OBJC_WEAK = YES;
				CLANG_WARN_DEPRECATED_OBJC_IMPLEMENTATIONS = YES;
				CLANG_WARN_OBJC_IMPLICIT_RETAIN_SELF = YES;
				CLANG_WARN_QUOTED_INCLUDE_IN_FRAMEWORK_HEADER = "$(inherited)";
				CODE_SIGN_STYLE = Automatic;
				CURRENT_PROJECT_VERSION = 22;
				DEAD_CODE_STRIPPING = YES;
				DEFINES_MODULE = YES;
				DSTROOT = /;
				DYLIB_COMPATIBILITY_VERSION = 1;
				DYLIB_CURRENT_VERSION = 1;
				ENABLE_MODULE_VERIFIER = YES;
				EXECUTABLE_PREFIX = "";
				INFOPLIST_FILE = "$(SRCROOT)/BlueBubblesHelper/Info.plist";
				INSTALL_PATH = /Users/tanay/Desktop/test;
				LD_RUNPATH_SEARCH_PATHS = (
					"$(inherited)",
					"@executable_path/../Frameworks",
					"@loader_path/../Frameworks",
				);
				MACOSX_DEPLOYMENT_TARGET = 11.0;
				MARKETING_VERSION = 0.0.20;
				MODULE_VERIFIER_SUPPORTED_LANGUAGES = "objective-c objective-c++";
				MODULE_VERIFIER_SUPPORTED_LANGUAGE_STANDARDS = "gnu11 gnu++20";
				MTL_FAST_MATH = YES;
				PRODUCT_BUNDLE_IDENTIFIER = com.bluebubbles.messaging;
				PRODUCT_NAME = BlueBubblesHelper;
				SDKROOT = macosx;
				SKIP_INSTALL = NO;
				SWIFT_OBJC_BRIDGING_HEADER = "BlueBubblesHelper DyLib-Bridging-Header.h";
				SWIFT_VERSION = 5.0;
				SYSTEM_FRAMEWORK_SEARCH_PATHS = (
					"$(inherited)",
					"$(SYSTEM_LIBRARY_DIR)/PrivateFrameworks",
				);
			};
			name = Release;
		};
		FBCE4ECF201C0F4D002F8A61 /* Debug */ = {
			isa = XCBuildConfiguration;
			buildSettings = {
				ALWAYS_SEARCH_USER_PATHS = NO;
				ARCHS = (
					"$(ARCHS_STANDARD)",
					arm64e,
				);
				CLANG_ANALYZER_NONNULL = YES;
				CLANG_ANALYZER_NUMBER_OBJECT_CONVERSION = YES_AGGRESSIVE;
				CLANG_CXX_LANGUAGE_STANDARD = "gnu++14";
				CLANG_CXX_LIBRARY = "libc++";
				CLANG_ENABLE_MODULES = YES;
				CLANG_ENABLE_OBJC_ARC = YES;
				CLANG_WARN_BLOCK_CAPTURE_AUTORELEASING = YES;
				CLANG_WARN_BOOL_CONVERSION = YES;
				CLANG_WARN_COMMA = YES;
				CLANG_WARN_CONSTANT_CONVERSION = YES;
				CLANG_WARN_DEPRECATED_OBJC_IMPLEMENTATIONS = YES;
				CLANG_WARN_DIRECT_OBJC_ISA_USAGE = YES_ERROR;
				CLANG_WARN_DOCUMENTATION_COMMENTS = YES;
				CLANG_WARN_EMPTY_BODY = YES;
				CLANG_WARN_ENUM_CONVERSION = YES;
				CLANG_WARN_INFINITE_RECURSION = YES;
				CLANG_WARN_INT_CONVERSION = YES;
				CLANG_WARN_NON_LITERAL_NULL_CONVERSION = YES;
				CLANG_WARN_OBJC_IMPLICIT_RETAIN_SELF = YES;
				CLANG_WARN_OBJC_LITERAL_CONVERSION = YES;
				CLANG_WARN_OBJC_ROOT_CLASS = YES_ERROR;
				CLANG_WARN_QUOTED_INCLUDE_IN_FRAMEWORK_HEADER = YES;
				CLANG_WARN_RANGE_LOOP_ANALYSIS = YES;
				CLANG_WARN_STRICT_PROTOTYPES = YES;
				CLANG_WARN_SUSPICIOUS_MOVE = YES;
				CLANG_WARN_UNGUARDED_AVAILABILITY = YES_AGGRESSIVE;
				CLANG_WARN_UNREACHABLE_CODE = YES;
				CLANG_WARN__DUPLICATE_METHOD_MATCH = YES;
				COPY_PHASE_STRIP = NO;
				DEAD_CODE_STRIPPING = YES;
				DEBUG_INFORMATION_FORMAT = dwarf;
				ENABLE_STRICT_OBJC_MSGSEND = YES;
				ENABLE_TESTABILITY = YES;
				ENABLE_USER_SCRIPT_SANDBOXING = YES;
				GCC_C_LANGUAGE_STANDARD = gnu11;
				GCC_DYNAMIC_NO_PIC = NO;
				GCC_NO_COMMON_BLOCKS = YES;
				GCC_OPTIMIZATION_LEVEL = 0;
				GCC_PREPROCESSOR_DEFINITIONS = (
					"DEBUG=1",
					"$(inherited)",
				);
				GCC_WARN_64_TO_32_BIT_CONVERSION = YES;
				GCC_WARN_ABOUT_RETURN_TYPE = YES_ERROR;
				GCC_WARN_UNDECLARED_SELECTOR = YES;
				GCC_WARN_UNINITIALIZED_AUTOS = YES_AGGRESSIVE;
				GCC_WARN_UNUSED_FUNCTION = YES;
				GCC_WARN_UNUSED_VARIABLE = YES;
				MTL_ENABLE_DEBUG_INFO = YES;
				ONLY_ACTIVE_ARCH = NO;
				VALID_ARCHS = "x86_64 arm64 arm64e";
			};
			name = Debug;
		};
		FBCE4ED0201C0F4D002F8A61 /* Release */ = {
			isa = XCBuildConfiguration;
			buildSettings = {
				ALWAYS_SEARCH_USER_PATHS = NO;
				ARCHS = (
					"$(ARCHS_STANDARD)",
					arm64e,
				);
				CLANG_ANALYZER_NONNULL = YES;
				CLANG_ANALYZER_NUMBER_OBJECT_CONVERSION = YES_AGGRESSIVE;
				CLANG_CXX_LANGUAGE_STANDARD = "gnu++14";
				CLANG_CXX_LIBRARY = "libc++";
				CLANG_ENABLE_MODULES = YES;
				CLANG_ENABLE_OBJC_ARC = YES;
				CLANG_WARN_BLOCK_CAPTURE_AUTORELEASING = YES;
				CLANG_WARN_BOOL_CONVERSION = YES;
				CLANG_WARN_COMMA = YES;
				CLANG_WARN_CONSTANT_CONVERSION = YES;
				CLANG_WARN_DEPRECATED_OBJC_IMPLEMENTATIONS = YES;
				CLANG_WARN_DIRECT_OBJC_ISA_USAGE = YES_ERROR;
				CLANG_WARN_DOCUMENTATION_COMMENTS = YES;
				CLANG_WARN_EMPTY_BODY = YES;
				CLANG_WARN_ENUM_CONVERSION = YES;
				CLANG_WARN_INFINITE_RECURSION = YES;
				CLANG_WARN_INT_CONVERSION = YES;
				CLANG_WARN_NON_LITERAL_NULL_CONVERSION = YES;
				CLANG_WARN_OBJC_IMPLICIT_RETAIN_SELF = YES;
				CLANG_WARN_OBJC_LITERAL_CONVERSION = YES;
				CLANG_WARN_OBJC_ROOT_CLASS = YES_ERROR;
				CLANG_WARN_QUOTED_INCLUDE_IN_FRAMEWORK_HEADER = YES;
				CLANG_WARN_RANGE_LOOP_ANALYSIS = YES;
				CLANG_WARN_STRICT_PROTOTYPES = YES;
				CLANG_WARN_SUSPICIOUS_MOVE = YES;
				CLANG_WARN_UNGUARDED_AVAILABILITY = YES_AGGRESSIVE;
				CLANG_WARN_UNREACHABLE_CODE = YES;
				CLANG_WARN__DUPLICATE_METHOD_MATCH = YES;
				COPY_PHASE_STRIP = NO;
				DEAD_CODE_STRIPPING = YES;
				DEBUG_INFORMATION_FORMAT = "dwarf-with-dsym";
				ENABLE_NS_ASSERTIONS = NO;
				ENABLE_STRICT_OBJC_MSGSEND = YES;
				ENABLE_USER_SCRIPT_SANDBOXING = YES;
				GCC_C_LANGUAGE_STANDARD = gnu11;
				GCC_NO_COMMON_BLOCKS = YES;
				GCC_WARN_64_TO_32_BIT_CONVERSION = YES;
				GCC_WARN_ABOUT_RETURN_TYPE = YES_ERROR;
				GCC_WARN_UNDECLARED_SELECTOR = YES;
				GCC_WARN_UNINITIALIZED_AUTOS = YES_AGGRESSIVE;
				GCC_WARN_UNUSED_FUNCTION = YES;
				GCC_WARN_UNUSED_VARIABLE = YES;
				MTL_ENABLE_DEBUG_INFO = NO;
				ONLY_ACTIVE_ARCH = NO;
				VALID_ARCHS = "x86_64 arm64 arm64e";
			};
			name = Release;
		};
/* End XCBuildConfiguration section */

/* Begin XCConfigurationList section */
		A62991CE29720FAC00B7E663 /* Build configuration list for PBXNativeTarget "BlueBubblesHelper DyLib" */ = {
			isa = XCConfigurationList;
			buildConfigurations = (
				A62991CC29720FAC00B7E663 /* Debug */,
				A62991CD29720FAC00B7E663 /* Release */,
			);
			defaultConfigurationIsVisible = 0;
			defaultConfigurationName = Release;
		};
		FBCE4EB6201C0F4D002F8A61 /* Build configuration list for PBXProject "BlueBubblesHelper" */ = {
			isa = XCConfigurationList;
			buildConfigurations = (
				FBCE4ECF201C0F4D002F8A61 /* Debug */,
				FBCE4ED0201C0F4D002F8A61 /* Release */,
			);
			defaultConfigurationIsVisible = 0;
			defaultConfigurationName = Release;
		};
/* End XCConfigurationList section */
	};
	rootObject = FBCE4EB3201C0F4D002F8A61 /* Project object */;
}
